[root]
name = "mog"
version = "0.1.0"
dependencies = [
 "gl 0.0.1 (git+https://github.com/bjz/gl-rs.git#9bdee3839e809a1f7ccbee158a38a704965528b3)",
 "glfw 0.0.1 (git+https://github.com/bjz/glfw-rs.git#d394c244575ed879e933dffcdab06d4276a5cdae)",
]

[[package]]
name = "gl"
version = "0.0.1"
source = "git+https://github.com/bjz/gl-rs.git#9bdee3839e809a1f7ccbee158a38a704965528b3"
dependencies = [
 "gl_generator 0.0.1 (git+https://github.com/bjz/gl-rs.git#9bdee3839e809a1f7ccbee158a38a704965528b3)",
]

[[package]]
name = "gl_generator"
version = "0.0.1"
source = "git+https://github.com/bjz/gl-rs.git#9bdee3839e809a1f7ccbee158a38a704965528b3"
dependencies = [
 "khronos_api 0.0.1 (git+https://github.com/bjz/gl-rs.git#9bdee3839e809a1f7ccbee158a38a704965528b3)",
 "rust-xml 0.1.0 (git+https://github.com/bjz/rust-xml#250ead29ed43d5743149e17d157f14d47860c0c8)",
]

[[package]]
name = "glfw"
version = "0.0.1"
source = "git+https://github.com/bjz/glfw-rs.git#d394c244575ed879e933dffcdab06d4276a5cdae"
dependencies = [
 "glfw-sys 3.0.4 (git+https://github.com/servo/glfw?ref=cargo-3.0.4#0e13d32555fb72b38ba1dfcff0c65a486510302e)",
 "semver 0.1.0 (git+https://github.com/rust-lang/semver#c7227f131c0855f9b0fdc169f767aff589a139a9)",
]

[[package]]
name = "glfw-sys"
version = "3.0.4"
source = "git+https://github.com/servo/glfw?ref=cargo-3.0.4#0e13d32555fb72b38ba1dfcff0c65a486510302e"

[[package]]
name = "khronos_api"
version = "0.0.1"
source = "git+https://github.com/bjz/gl-rs.git#9bdee3839e809a1f7ccbee158a38a704965528b3"

[[package]]
name = "rust-xml"
version = "0.1.0"
source = "git+https://github.com/bjz/rust-xml#250ead29ed43d5743149e17d157f14d47860c0c8"

[[package]]
name = "semver"
version = "0.1.0"
source = "git+https://github.com/rust-lang/semver#c7227f131c0855f9b0fdc169f767aff589a139a9"

