[root]
name = "htgl"
version = "0.1.0"
dependencies = [
 "gl 0.0.12 (git+https://github.com/bjz/gl-rs.git)",
 "glfw 0.0.7 (git+https://github.com/bjz/glfw-rs.git)",
]

[[package]]
name = "bitflags"
version = "0.1.1"
source = "registry+https://github.com/rust-lang/crates.io-index"

[[package]]
name = "gl"
version = "0.0.12"
source = "git+https://github.com/bjz/gl-rs.git#13cf0c7a2f39b7927f5642f0b48128530f477d58"
dependencies = [
 "gl_common 0.0.4 (git+https://github.com/bjz/gl-rs.git)",
 "gl_generator 0.0.23 (git+https://github.com/bjz/gl-rs.git)",
 "khronos_api 0.0.5 (git+https://github.com/bjz/gl-rs.git)",
 "libc 0.1.6 (registry+https://github.com/rust-lang/crates.io-index)",
]

[[package]]
name = "gl_common"
version = "0.0.4"
source = "git+https://github.com/bjz/gl-rs.git#13cf0c7a2f39b7927f5642f0b48128530f477d58"
dependencies = [
 "libc 0.1.6 (registry+https://github.com/rust-lang/crates.io-index)",
]

[[package]]
name = "gl_generator"
version = "0.0.23"
source = "git+https://github.com/bjz/gl-rs.git#13cf0c7a2f39b7927f5642f0b48128530f477d58"
dependencies = [
 "khronos_api 0.0.5 (git+https://github.com/bjz/gl-rs.git)",
 "log 0.3.1 (registry+https://github.com/rust-lang/crates.io-index)",
 "xml-rs 0.1.23 (registry+https://github.com/rust-lang/crates.io-index)",
]

[[package]]
name = "glfw"
version = "0.0.7"
source = "git+https://github.com/bjz/glfw-rs.git#3c9964e75c33e82fda605aabe127faf29efb92a7"
dependencies = [
 "bitflags 0.1.1 (registry+https://github.com/rust-lang/crates.io-index)",
 "glfw-sys 3.1.2 (registry+https://github.com/rust-lang/crates.io-index)",
 "libc 0.1.6 (registry+https://github.com/rust-lang/crates.io-index)",
 "log 0.3.1 (registry+https://github.com/rust-lang/crates.io-index)",
 "semver 0.1.19 (registry+https://github.com/rust-lang/crates.io-index)",
]

[[package]]
name = "glfw-sys"
version = "3.1.2"
source = "registry+https://github.com/rust-lang/crates.io-index"

[[package]]
name = "khronos_api"
version = "0.0.5"
source = "git+https://github.com/bjz/gl-rs.git#13cf0c7a2f39b7927f5642f0b48128530f477d58"

[[package]]
name = "libc"
version = "0.1.6"
source = "registry+https://github.com/rust-lang/crates.io-index"

[[package]]
name = "log"
version = "0.3.1"
source = "registry+https://github.com/rust-lang/crates.io-index"
dependencies = [
 "libc 0.1.6 (registry+https://github.com/rust-lang/crates.io-index)",
]

[[package]]
name = "semver"
version = "0.1.19"
source = "registry+https://github.com/rust-lang/crates.io-index"

[[package]]
name = "xml-rs"
version = "0.1.23"
source = "registry+https://github.com/rust-lang/crates.io-index"
dependencies = [
 "bitflags 0.1.1 (registry+https://github.com/rust-lang/crates.io-index)",
]

